
Microsoft Visual Studio Solution File, Format Version 12.00
# Visual Studio 2012
Project("{FAE04EC0-301F-11D3-BF4B-00C04F79EFBC}") = "XF.Labs.CameraSample", "XF.Labs.CameraSample\XF.Labs.CameraSample.csproj", "{970A5DE8-F584-453C-9D8A-D2CF8BC5C3B1}"
EndProject
Project("{FAE04EC0-301F-11D3-BF4B-00C04F79EFBC}") = "XF.Labs.CameraSample.iOS", "iOS\XF.Labs.CameraSample.iOS.csproj", "{9018C50B-4044-4892-8144-87719DD48E60}"
EndProject
Project("{FAE04EC0-301F-11D3-BF4B-00C04F79EFBC}") = "XF.Labs.CameraSample.Android", "Android\XF.Labs.CameraSample.Android.csproj", "{A99C4B9B-37A3-4762-A7F7-4006C5AF8062}"
EndProject
Global
	GlobalSection(SolutionConfigurationPlatforms) = preSolution
		Debug|Any CPU = Debug|Any CPU
		Release|Any CPU = Release|Any CPU
		Debug|iPhoneSimulator = Debug|iPhoneSimulator
		Release|iPhoneSimulator = Release|iPhoneSimulator
		Debug|iPhone = Debug|iPhone
		Release|iPhone = Release|iPhone
		Ad-Hoc|iPhone = Ad-Hoc|iPhone
		AppStore|iPhone = AppStore|iPhone
	EndGlobalSection
	GlobalSection(ProjectConfigurationPlatforms) = postSolution
		{9018C50B-4044-4892-8144-87719DD48E60}.Ad-Hoc|iPhone.ActiveCfg = Ad-Hoc|iPhone
		{9018C50B-4044-4892-8144-87719DD48E60}.Ad-Hoc|iPhone.Build.0 = Ad-Hoc|iPhone
		{9018C50B-4044-4892-8144-87719DD48E60}.AppStore|iPhone.ActiveCfg = AppStore|iPhone
		{9018C50B-4044-4892-8144-87719DD48E60}.AppStore|iPhone.Build.0 = AppStore|iPhone
		{9018C50B-4044-4892-8144-87719DD48E60}.Debug|Any CPU.ActiveCfg = Debug|iPhoneSimulator
		{9018C50B-4044-4892-8144-87719DD48E60}.Debug|Any CPU.Build.0 = Debug|iPhoneSimulator
		{9018C50B-4044-4892-8144-87719DD48E60}.Debug|iPhone.ActiveCfg = Debug|iPhone
		{9018C50B-4044-4892-8144-87719DD48E60}.Debug|iPhone.Build.0 = Debug|iPhone
		{9018C50B-4044-4892-8144-87719DD48E60}.Debug|iPhoneSimulator.ActiveCfg = Debug|iPhoneSimulator
		{9018C50B-4044-4892-8144-87719DD48E60}.Debug|iPhoneSimulator.Build.0 = Debug|iPhoneSimulator
		{9018C50B-4044-4892-8144-87719DD48E60}.Release|Any CPU.ActiveCfg = Release|iPhoneSimulator
		{9018C50B-4044-4892-8144-87719DD48E60}.Release|Any CPU.Build.0 = Release|iPhoneSimulator
		{9018C50B-4044-4892-8144-87719DD48E60}.Release|iPhone.ActiveCfg = Release|iPhone
		{9018C50B-4044-4892-8144-87719DD48E60}.Release|iPhone.Build.0 = Release|iPhone
		{9018C50B-4044-4892-8144-87719DD48E60}.Release|iPhoneSimulator.ActiveCfg = Release|iPhoneSimulator
		{9018C50B-4044-4892-8144-87719DD48E60}.Release|iPhoneSimulator.Build.0 = Release|iPhoneSimulator
		{970A5DE8-F584-453C-9D8A-D2CF8BC5C3B1}.Ad-Hoc|iPhone.ActiveCfg = Debug|Any CPU
		{970A5DE8-F584-453C-9D8A-D2CF8BC5C3B1}.Ad-Hoc|iPhone.Build.0 = Debug|Any CPU
		{970A5DE8-F584-453C-9D8A-D2CF8BC5C3B1}.AppStore|iPhone.ActiveCfg = Debug|Any CPU
		{970A5DE8-F584-453C-9D8A-D2CF8BC5C3B1}.AppStore|iPhone.Build.0 = Debug|Any CPU
		{970A5DE8-F584-453C-9D8A-D2CF8BC5C3B1}.Debug|Any CPU.ActiveCfg = Debug|Any CPU
		{970A5DE8-F584-453C-9D8A-D2CF8BC5C3B1}.Debug|Any CPU.Build.0 = Debug|Any CPU
		{970A5DE8-F584-453C-9D8A-D2CF8BC5C3B1}.Debug|iPhone.ActiveCfg = Debug|Any CPU
		{970A5DE8-F584-453C-9D8A-D2CF8BC5C3B1}.Debug|iPhone.Build.0 = Debug|Any CPU
		{970A5DE8-F584-453C-9D8A-D2CF8BC5C3B1}.Debug|iPhoneSimulator.ActiveCfg = Debug|Any CPU
		{970A5DE8-F584-453C-9D8A-D2CF8BC5C3B1}.Debug|iPhoneSimulator.Build.0 = Debug|Any CPU
		{970A5DE8-F584-453C-9D8A-D2CF8BC5C3B1}.Release|Any CPU.ActiveCfg = Release|Any CPU
		{970A5DE8-F584-453C-9D8A-D2CF8BC5C3B1}.Release|Any CPU.Build.0 = Release|Any CPU
		{970A5DE8-F584-453C-9D8A-D2CF8BC5C3B1}.Release|iPhone.ActiveCfg = Release|Any CPU
		{970A5DE8-F584-453C-9D8A-D2CF8BC5C3B1}.Release|iPhone.Build.0 = Release|Any CPU
		{970A5DE8-F584-453C-9D8A-D2CF8BC5C3B1}.Release|iPhoneSimulator.ActiveCfg = Release|Any CPU
		{970A5DE8-F584-453C-9D8A-D2CF8BC5C3B1}.Release|iPhoneSimulator.Build.0 = Release|Any CPU
		{A99C4B9B-37A3-4762-A7F7-4006C5AF8062}.Ad-Hoc|iPhone.ActiveCfg = Debug|Any CPU
		{A99C4B9B-37A3-4762-A7F7-4006C5AF8062}.Ad-Hoc|iPhone.Build.0 = Debug|Any CPU
		{A99C4B9B-37A3-4762-A7F7-4006C5AF8062}.AppStore|iPhone.ActiveCfg = Debug|Any CPU
		{A99C4B9B-37A3-4762-A7F7-4006C5AF8062}.AppStore|iPhone.Build.0 = Debug|Any CPU
		{A99C4B9B-37A3-4762-A7F7-4006C5AF8062}.Debug|Any CPU.ActiveCfg = Debug|Any CPU
		{A99C4B9B-37A3-4762-A7F7-4006C5AF8062}.Debug|Any CPU.Build.0 = Debug|Any CPU
		{A99C4B9B-37A3-4762-A7F7-4006C5AF8062}.Debug|iPhone.ActiveCfg = Debug|Any CPU
		{A99C4B9B-37A3-4762-A7F7-4006C5AF8062}.Debug|iPhone.Build.0 = Debug|Any CPU
		{A99C4B9B-37A3-4762-A7F7-4006C5AF8062}.Debug|iPhoneSimulator.ActiveCfg = Debug|Any CPU
		{A99C4B9B-37A3-4762-A7F7-4006C5AF8062}.Debug|iPhoneSimulator.Build.0 = Debug|Any CPU
		{A99C4B9B-37A3-4762-A7F7-4006C5AF8062}.Release|Any CPU.ActiveCfg = Release|Any CPU
		{A99C4B9B-37A3-4762-A7F7-4006C5AF8062}.Release|Any CPU.Build.0 = Release|Any CPU
		{A99C4B9B-37A3-4762-A7F7-4006C5AF8062}.Release|iPhone.ActiveCfg = Release|Any CPU
		{A99C4B9B-37A3-4762-A7F7-4006C5AF8062}.Release|iPhone.Build.0 = Release|Any CPU
		{A99C4B9B-37A3-4762-A7F7-4006C5AF8062}.Release|iPhoneSimulator.ActiveCfg = Release|Any CPU
		{A99C4B9B-37A3-4762-A7F7-4006C5AF8062}.Release|iPhoneSimulator.Build.0 = Release|Any CPU
	EndGlobalSection
	GlobalSection(MonoDevelopProperties) = preSolution
		StartupItem = iOS\XF.Labs.CameraSample.iOS.csproj
	EndGlobalSection
EndGlobal
