
Microsoft Visual Studio Solution File, Format Version 12.00
# Visual Studio 2013
VisualStudioVersion = 12.0.30723.0
MinimumVisualStudioVersion = 10.0.40219.1
Project("{FAE04EC0-301F-11D3-BF4B-00C04F79EFBC}") = "XF.Labs.MvvmSample", "XF.Labs.MvvmSample\XF.Labs.MvvmSample.csproj", "{BACD9679-4160-439A-8D52-7FEFE360D532}"
EndProject
Project("{FAE04EC0-301F-11D3-BF4B-00C04F79EFBC}") = "XF.Labs.MvvmSample.iOS", "iOS\XF.Labs.MvvmSample.iOS.csproj", "{0852CF6A-C8A3-4B31-AE45-E5813E7748B8}"
EndProject
Project("{FAE04EC0-301F-11D3-BF4B-00C04F79EFBC}") = "XF.Labs.MvvmSample.Android", "Android\XF.Labs.MvvmSample.Android.csproj", "{3C0116D9-31A7-4767-B6BC-88D32319AF25}"
EndProject
Project("{2150E333-8FDC-42A3-9474-1A3956D46DE8}") = ".nuget", ".nuget", "{CF3649D6-B5A9-4B33-82BF-2F29A7207B66}"
	ProjectSection(SolutionItems) = preProject
		.nuget\NuGet.Config = .nuget\NuGet.Config
		.nuget\NuGet.exe = .nuget\NuGet.exe
		.nuget\NuGet.targets = .nuget\NuGet.targets
	EndProjectSection
EndProject
Global
	GlobalSection(SolutionConfigurationPlatforms) = preSolution
		Ad-Hoc|Any CPU = Ad-Hoc|Any CPU
		Ad-Hoc|iPhone = Ad-Hoc|iPhone
		Ad-Hoc|iPhoneSimulator = Ad-Hoc|iPhoneSimulator
		AppStore|Any CPU = AppStore|Any CPU
		AppStore|iPhone = AppStore|iPhone
		AppStore|iPhoneSimulator = AppStore|iPhoneSimulator
		Debug|Any CPU = Debug|Any CPU
		Debug|iPhone = Debug|iPhone
		Debug|iPhoneSimulator = Debug|iPhoneSimulator
		Release|Any CPU = Release|Any CPU
		Release|iPhone = Release|iPhone
		Release|iPhoneSimulator = Release|iPhoneSimulator
	EndGlobalSection
	GlobalSection(ProjectConfigurationPlatforms) = postSolution
		{BACD9679-4160-439A-8D52-7FEFE360D532}.Ad-Hoc|Any CPU.ActiveCfg = Release|Any CPU
		{BACD9679-4160-439A-8D52-7FEFE360D532}.Ad-Hoc|iPhone.ActiveCfg = Debug|Any CPU
		{BACD9679-4160-439A-8D52-7FEFE360D532}.Ad-Hoc|iPhone.Build.0 = Debug|Any CPU
		{BACD9679-4160-439A-8D52-7FEFE360D532}.Ad-Hoc|iPhoneSimulator.ActiveCfg = Release|Any CPU
		{BACD9679-4160-439A-8D52-7FEFE360D532}.AppStore|Any CPU.ActiveCfg = Release|Any CPU
		{BACD9679-4160-439A-8D52-7FEFE360D532}.AppStore|iPhone.ActiveCfg = Debug|Any CPU
		{BACD9679-4160-439A-8D52-7FEFE360D532}.AppStore|iPhone.Build.0 = Debug|Any CPU
		{BACD9679-4160-439A-8D52-7FEFE360D532}.AppStore|iPhoneSimulator.ActiveCfg = Release|Any CPU
		{BACD9679-4160-439A-8D52-7FEFE360D532}.Debug|Any CPU.ActiveCfg = Debug|Any CPU
		{BACD9679-4160-439A-8D52-7FEFE360D532}.Debug|Any CPU.Build.0 = Debug|Any CPU
		{BACD9679-4160-439A-8D52-7FEFE360D532}.Debug|iPhone.ActiveCfg = Debug|Any CPU
		{BACD9679-4160-439A-8D52-7FEFE360D532}.Debug|iPhone.Build.0 = Debug|Any CPU
		{BACD9679-4160-439A-8D52-7FEFE360D532}.Debug|iPhoneSimulator.ActiveCfg = Debug|Any CPU
		{BACD9679-4160-439A-8D52-7FEFE360D532}.Debug|iPhoneSimulator.Build.0 = Debug|Any CPU
		{BACD9679-4160-439A-8D52-7FEFE360D532}.Release|Any CPU.ActiveCfg = Release|Any CPU
		{BACD9679-4160-439A-8D52-7FEFE360D532}.Release|Any CPU.Build.0 = Release|Any CPU
		{BACD9679-4160-439A-8D52-7FEFE360D532}.Release|iPhone.ActiveCfg = Release|Any CPU
		{BACD9679-4160-439A-8D52-7FEFE360D532}.Release|iPhone.Build.0 = Release|Any CPU
		{BACD9679-4160-439A-8D52-7FEFE360D532}.Release|iPhoneSimulator.ActiveCfg = Release|Any CPU
		{BACD9679-4160-439A-8D52-7FEFE360D532}.Release|iPhoneSimulator.Build.0 = Release|Any CPU
		{0852CF6A-C8A3-4B31-AE45-E5813E7748B8}.Ad-Hoc|Any CPU.ActiveCfg = Ad-Hoc|iPhone
		{0852CF6A-C8A3-4B31-AE45-E5813E7748B8}.Ad-Hoc|iPhone.ActiveCfg = Ad-Hoc|iPhone
		{0852CF6A-C8A3-4B31-AE45-E5813E7748B8}.Ad-Hoc|iPhone.Build.0 = Ad-Hoc|iPhone
		{0852CF6A-C8A3-4B31-AE45-E5813E7748B8}.Ad-Hoc|iPhoneSimulator.ActiveCfg = Ad-Hoc|iPhone
		{0852CF6A-C8A3-4B31-AE45-E5813E7748B8}.AppStore|Any CPU.ActiveCfg = AppStore|iPhone
		{0852CF6A-C8A3-4B31-AE45-E5813E7748B8}.AppStore|iPhone.ActiveCfg = AppStore|iPhone
		{0852CF6A-C8A3-4B31-AE45-E5813E7748B8}.AppStore|iPhone.Build.0 = AppStore|iPhone
		{0852CF6A-C8A3-4B31-AE45-E5813E7748B8}.AppStore|iPhoneSimulator.ActiveCfg = AppStore|iPhone
		{0852CF6A-C8A3-4B31-AE45-E5813E7748B8}.Debug|Any CPU.ActiveCfg = Debug|iPhoneSimulator
		{0852CF6A-C8A3-4B31-AE45-E5813E7748B8}.Debug|Any CPU.Build.0 = Debug|iPhoneSimulator
		{0852CF6A-C8A3-4B31-AE45-E5813E7748B8}.Debug|iPhone.ActiveCfg = Debug|iPhone
		{0852CF6A-C8A3-4B31-AE45-E5813E7748B8}.Debug|iPhone.Build.0 = Debug|iPhone
		{0852CF6A-C8A3-4B31-AE45-E5813E7748B8}.Debug|iPhoneSimulator.ActiveCfg = Debug|iPhoneSimulator
		{0852CF6A-C8A3-4B31-AE45-E5813E7748B8}.Debug|iPhoneSimulator.Build.0 = Debug|iPhoneSimulator
		{0852CF6A-C8A3-4B31-AE45-E5813E7748B8}.Release|Any CPU.ActiveCfg = Release|iPhoneSimulator
		{0852CF6A-C8A3-4B31-AE45-E5813E7748B8}.Release|Any CPU.Build.0 = Release|iPhoneSimulator
		{0852CF6A-C8A3-4B31-AE45-E5813E7748B8}.Release|iPhone.ActiveCfg = Release|iPhone
		{0852CF6A-C8A3-4B31-AE45-E5813E7748B8}.Release|iPhone.Build.0 = Release|iPhone
		{0852CF6A-C8A3-4B31-AE45-E5813E7748B8}.Release|iPhoneSimulator.ActiveCfg = Release|iPhoneSimulator
		{0852CF6A-C8A3-4B31-AE45-E5813E7748B8}.Release|iPhoneSimulator.Build.0 = Release|iPhoneSimulator
		{3C0116D9-31A7-4767-B6BC-88D32319AF25}.Ad-Hoc|Any CPU.ActiveCfg = Release|Any CPU
		{3C0116D9-31A7-4767-B6BC-88D32319AF25}.Ad-Hoc|iPhone.ActiveCfg = Debug|Any CPU
		{3C0116D9-31A7-4767-B6BC-88D32319AF25}.Ad-Hoc|iPhone.Build.0 = Debug|Any CPU
		{3C0116D9-31A7-4767-B6BC-88D32319AF25}.Ad-Hoc|iPhoneSimulator.ActiveCfg = Release|Any CPU
		{3C0116D9-31A7-4767-B6BC-88D32319AF25}.AppStore|Any CPU.ActiveCfg = Release|Any CPU
		{3C0116D9-31A7-4767-B6BC-88D32319AF25}.AppStore|iPhone.ActiveCfg = Debug|Any CPU
		{3C0116D9-31A7-4767-B6BC-88D32319AF25}.AppStore|iPhone.Build.0 = Debug|Any CPU
		{3C0116D9-31A7-4767-B6BC-88D32319AF25}.AppStore|iPhoneSimulator.ActiveCfg = Release|Any CPU
		{3C0116D9-31A7-4767-B6BC-88D32319AF25}.Debug|Any CPU.ActiveCfg = Debug|Any CPU
		{3C0116D9-31A7-4767-B6BC-88D32319AF25}.Debug|Any CPU.Build.0 = Debug|Any CPU
		{3C0116D9-31A7-4767-B6BC-88D32319AF25}.Debug|iPhone.ActiveCfg = Debug|Any CPU
		{3C0116D9-31A7-4767-B6BC-88D32319AF25}.Debug|iPhone.Build.0 = Debug|Any CPU
		{3C0116D9-31A7-4767-B6BC-88D32319AF25}.Debug|iPhoneSimulator.ActiveCfg = Debug|Any CPU
		{3C0116D9-31A7-4767-B6BC-88D32319AF25}.Debug|iPhoneSimulator.Build.0 = Debug|Any CPU
		{3C0116D9-31A7-4767-B6BC-88D32319AF25}.Release|Any CPU.ActiveCfg = Release|Any CPU
		{3C0116D9-31A7-4767-B6BC-88D32319AF25}.Release|Any CPU.Build.0 = Release|Any CPU
		{3C0116D9-31A7-4767-B6BC-88D32319AF25}.Release|iPhone.ActiveCfg = Release|Any CPU
		{3C0116D9-31A7-4767-B6BC-88D32319AF25}.Release|iPhone.Build.0 = Release|Any CPU
		{3C0116D9-31A7-4767-B6BC-88D32319AF25}.Release|iPhoneSimulator.ActiveCfg = Release|Any CPU
		{3C0116D9-31A7-4767-B6BC-88D32319AF25}.Release|iPhoneSimulator.Build.0 = Release|Any CPU
	EndGlobalSection
	GlobalSection(SolutionProperties) = preSolution
		HideSolutionNode = FALSE
	EndGlobalSection
	GlobalSection(MonoDevelopProperties) = preSolution
		StartupItem = Android\XF.Labs.MvvmSample.Android.csproj
	EndGlobalSection
EndGlobal
